
Microsoft Visual Studio Solution File, Format Version 12.00
# Visual Studio Version 17
VisualStudioVersion = 17.1.32421.90
MinimumVisualStudioVersion = 10.0.40219.1
Project("{8BC9CEB8-8B4A-11D0-8D11-00A0C91BC942}") = "SandBox", "SandBox\SandBox.vcxproj", "{7679BD63-14CD-4202-BB32-EF233CF03453}"
EndProject
Project("{8BC9CEB8-8B4A-11D0-8D11-00A0C91BC942}") = "GCEngine", "GCEngine\GCEngine.vcxproj", "{521A7C59-6E5B-44A8-B260-7535E80A878E}"
EndProject
Global
	GlobalSection(SolutionConfigurationPlatforms) = preSolution
		Debug|x64 = Debug|x64
		Release|x64 = Release|x64
	EndGlobalSection
	GlobalSection(ProjectConfigurationPlatforms) = postSolution
		{7679BD63-14CD-4202-BB32-EF233CF03453}.Debug|x64.ActiveCfg = Debug|x64
		{7679BD63-14CD-4202-BB32-EF233CF03453}.Debug|x64.Build.0 = Debug|x64
		{7679BD63-14CD-4202-BB32-EF233CF03453}.Release|x64.ActiveCfg = Release|x64
		{7679BD63-14CD-4202-BB32-EF233CF03453}.Release|x64.Build.0 = Release|x64
		{521A7C59-6E5B-44A8-B260-7535E80A878E}.Debug|x64.ActiveCfg = Debug|x64
		{521A7C59-6E5B-44A8-B260-7535E80A878E}.Debug|x64.Build.0 = Debug|x64
		{521A7C59-6E5B-44A8-B260-7535E80A878E}.Release|x64.ActiveCfg = Release|x64
		{521A7C59-6E5B-44A8-B260-7535E80A878E}.Release|x64.Build.0 = Release|x64
	EndGlobalSection
	GlobalSection(SolutionProperties) = preSolution
		HideSolutionNode = FALSE
	EndGlobalSection
	GlobalSection(ExtensibilityGlobals) = postSolution
		SolutionGuid = {C263B790-BDEC-4119-A874-B136B8FD660E}
	EndGlobalSection
EndGlobal
